
Microsoft Visual Studio Solution File, Format Version 12.00
# Visual Studio Version 17
VisualStudioVersion = 17.3.32825.248
MinimumVisualStudioVersion = 10.0.40219.1
Project("{9A19103F-16F7-4668-BE54-9A1E7A4F7556}") = "CustomerOrderBack", "CustomerOrderBack\CustomerOrderBack.csproj", "{DC40FDD8-5B2A-4920-8311-6EC6428568D2}"
EndProject
Project("{FAE04EC0-301F-11D3-BF4B-00C04F79EFBC}") = "CustomerOrderModel", "CustomerOrderModel\CustomerOrderModel.csproj", "{77A801D5-6355-45D3-9B5E-FC4CF223E874}"
EndProject
Global
	GlobalSection(SolutionConfigurationPlatforms) = preSolution
		Debug|Any CPU = Debug|Any CPU
		Release|Any CPU = Release|Any CPU
	EndGlobalSection
	GlobalSection(ProjectConfigurationPlatforms) = postSolution
		{DC40FDD8-5B2A-4920-8311-6EC6428568D2}.Debug|Any CPU.ActiveCfg = Debug|Any CPU
		{DC40FDD8-5B2A-4920-8311-6EC6428568D2}.Debug|Any CPU.Build.0 = Debug|Any CPU
		{DC40FDD8-5B2A-4920-8311-6EC6428568D2}.Release|Any CPU.ActiveCfg = Release|Any CPU
		{DC40FDD8-5B2A-4920-8311-6EC6428568D2}.Release|Any CPU.Build.0 = Release|Any CPU
		{77A801D5-6355-45D3-9B5E-FC4CF223E874}.Debug|Any CPU.ActiveCfg = Debug|Any CPU
		{77A801D5-6355-45D3-9B5E-FC4CF223E874}.Debug|Any CPU.Build.0 = Debug|Any CPU
		{77A801D5-6355-45D3-9B5E-FC4CF223E874}.Release|Any CPU.ActiveCfg = Release|Any CPU
		{77A801D5-6355-45D3-9B5E-FC4CF223E874}.Release|Any CPU.Build.0 = Release|Any CPU
	EndGlobalSection
	GlobalSection(SolutionProperties) = preSolution
		HideSolutionNode = FALSE
	EndGlobalSection
	GlobalSection(ExtensibilityGlobals) = postSolution
		SolutionGuid = {14D71F9A-CC26-4999-B73A-A5C0DF1E7490}
	EndGlobalSection
EndGlobal
